
Microsoft Visual Studio Solution File, Format Version 12.00
# Visual Studio Version 16
VisualStudioVersion = 16.0.35130.168
MinimumVisualStudioVersion = 10.0.40219.1
Project("{FAE04EC0-301F-11D3-BF4B-00C04F79EFBC}") = "PetShopAndVeterinaryManagementSystem", "PetShopAndVeterinaryManagementSystem.csproj", "{617D2520-49F3-4AD9-97CC-2E348480E23C}"
EndProject
Global
	GlobalSection(SolutionConfigurationPlatforms) = preSolution
		Debug|Any CPU = Debug|Any CPU
		Release|Any CPU = Release|Any CPU
	EndGlobalSection
	GlobalSection(ProjectConfigurationPlatforms) = postSolution
		{617D2520-49F3-4AD9-97CC-2E348480E23C}.Debug|Any CPU.ActiveCfg = Debug|Any CPU
		{617D2520-49F3-4AD9-97CC-2E348480E23C}.Debug|Any CPU.Build.0 = Debug|Any CPU
		{617D2520-49F3-4AD9-97CC-2E348480E23C}.Release|Any CPU.ActiveCfg = Release|Any CPU
		{617D2520-49F3-4AD9-97CC-2E348480E23C}.Release|Any CPU.Build.0 = Release|Any CPU
	EndGlobalSection
	GlobalSection(SolutionProperties) = preSolution
		HideSolutionNode = FALSE
	EndGlobalSection
	GlobalSection(ExtensibilityGlobals) = postSolution
		SolutionGuid = {04D394AF-CB3B-4887-B2CA-F1497309361A}
	EndGlobalSection
EndGlobal
